
Microsoft Visual Studio Solution File, Format Version 12.00
# Visual Studio Version 16
VisualStudioVersion = 16.0.32228.343
MinimumVisualStudioVersion = 10.0.40219.1
Project("{FAE04EC0-301F-11D3-BF4B-00C04F79EFBC}") = "text", "text\text.csproj", "{DF4DA8C8-C6D5-495D-B6D5-6342332B3CFE}"
EndProject
Global
	GlobalSection(SolutionConfigurationPlatforms) = preSolution
		Debug|Any CPU = Debug|Any CPU
		Release|Any CPU = Release|Any CPU
	EndGlobalSection
	GlobalSection(ProjectConfigurationPlatforms) = postSolution
		{DF4DA8C8-C6D5-495D-B6D5-6342332B3CFE}.Debug|Any CPU.ActiveCfg = Debug|Any CPU
		{DF4DA8C8-C6D5-495D-B6D5-6342332B3CFE}.Debug|Any CPU.Build.0 = Debug|Any CPU
		{DF4DA8C8-C6D5-495D-B6D5-6342332B3CFE}.Release|Any CPU.ActiveCfg = Release|Any CPU
		{DF4DA8C8-C6D5-495D-B6D5-6342332B3CFE}.Release|Any CPU.Build.0 = Release|Any CPU
	EndGlobalSection
	GlobalSection(SolutionProperties) = preSolution
		HideSolutionNode = FALSE
	EndGlobalSection
	GlobalSection(ExtensibilityGlobals) = postSolution
		SolutionGuid = {E8FD2101-719E-400A-80F6-601D0A5644C8}
	EndGlobalSection
EndGlobal
